
Microsoft Visual Studio Solution File, Format Version 12.00
# Visual Studio 2012
Project("{FAE04EC0-301F-11D3-BF4B-00C04F79EFBC}") = "LoginWpf", "LoginWpf\LoginWpf.csproj", "{CD6C8FAC-5AF7-4771-AB4E-592734DDA0BE}"
EndProject
Global
	GlobalSection(SolutionConfigurationPlatforms) = preSolution
		Debug|Any CPU = Debug|Any CPU
		Release|Any CPU = Release|Any CPU
	EndGlobalSection
	GlobalSection(ProjectConfigurationPlatforms) = postSolution
		{CD6C8FAC-5AF7-4771-AB4E-592734DDA0BE}.Debug|Any CPU.ActiveCfg = Debug|Any CPU
		{CD6C8FAC-5AF7-4771-AB4E-592734DDA0BE}.Debug|Any CPU.Build.0 = Debug|Any CPU
		{CD6C8FAC-5AF7-4771-AB4E-592734DDA0BE}.Release|Any CPU.ActiveCfg = Release|Any CPU
		{CD6C8FAC-5AF7-4771-AB4E-592734DDA0BE}.Release|Any CPU.Build.0 = Release|Any CPU
	EndGlobalSection
	GlobalSection(SolutionProperties) = preSolution
		HideSolutionNode = FALSE
	EndGlobalSection
EndGlobal
